
Microsoft Visual Studio Solution File, Format Version 12.00
# Visual Studio Version 17
VisualStudioVersion = 17.0.31903.59
MinimumVisualStudioVersion = 10.0.40219.1
Project("{FAE04EC0-301F-11D3-BF4B-00C04F79EFBC}") = "Showcase", "Showcase\Showcase.csproj", "{2441587F-3D1F-4B6F-A098-292F3586065D}"
EndProject
Project("{FAE04EC0-301F-11D3-BF4B-00C04F79EFBC}") = "NativeMessageBox", "..\src\dotnet\NativeMessageBox\NativeMessageBox.csproj", "{3E206D51-92D6-4E25-B30C-E791D2B5E5B1}"
EndProject
Project("{FAE04EC0-301F-11D3-BF4B-00C04F79EFBC}") = "DialogPlayground", "DialogPlayground\DialogPlayground.csproj", "{3CD7CD13-5722-4F1A-8557-A1DCD7072E51}"
EndProject
Global
	GlobalSection(SolutionConfigurationPlatforms) = preSolution
		Debug|Any CPU = Debug|Any CPU
		Debug|x64 = Debug|x64
		Debug|x86 = Debug|x86
		Release|Any CPU = Release|Any CPU
		Release|x64 = Release|x64
		Release|x86 = Release|x86
	EndGlobalSection
	GlobalSection(ProjectConfigurationPlatforms) = postSolution
		{2441587F-3D1F-4B6F-A098-292F3586065D}.Debug|Any CPU.ActiveCfg = Debug|Any CPU
		{2441587F-3D1F-4B6F-A098-292F3586065D}.Debug|Any CPU.Build.0 = Debug|Any CPU
		{2441587F-3D1F-4B6F-A098-292F3586065D}.Debug|x64.ActiveCfg = Debug|Any CPU
		{2441587F-3D1F-4B6F-A098-292F3586065D}.Debug|x64.Build.0 = Debug|Any CPU
		{2441587F-3D1F-4B6F-A098-292F3586065D}.Debug|x86.ActiveCfg = Debug|Any CPU
		{2441587F-3D1F-4B6F-A098-292F3586065D}.Debug|x86.Build.0 = Debug|Any CPU
		{2441587F-3D1F-4B6F-A098-292F3586065D}.Release|Any CPU.ActiveCfg = Release|Any CPU
		{2441587F-3D1F-4B6F-A098-292F3586065D}.Release|Any CPU.Build.0 = Release|Any CPU
		{2441587F-3D1F-4B6F-A098-292F3586065D}.Release|x64.ActiveCfg = Release|Any CPU
		{2441587F-3D1F-4B6F-A098-292F3586065D}.Release|x64.Build.0 = Release|Any CPU
		{2441587F-3D1F-4B6F-A098-292F3586065D}.Release|x86.ActiveCfg = Release|Any CPU
		{2441587F-3D1F-4B6F-A098-292F3586065D}.Release|x86.Build.0 = Release|Any CPU
		{3E206D51-92D6-4E25-B30C-E791D2B5E5B1}.Debug|Any CPU.ActiveCfg = Debug|Any CPU
		{3E206D51-92D6-4E25-B30C-E791D2B5E5B1}.Debug|Any CPU.Build.0 = Debug|Any CPU
		{3E206D51-92D6-4E25-B30C-E791D2B5E5B1}.Debug|x64.ActiveCfg = Debug|Any CPU
		{3E206D51-92D6-4E25-B30C-E791D2B5E5B1}.Debug|x64.Build.0 = Debug|Any CPU
		{3E206D51-92D6-4E25-B30C-E791D2B5E5B1}.Debug|x86.ActiveCfg = Debug|Any CPU
		{3E206D51-92D6-4E25-B30C-E791D2B5E5B1}.Debug|x86.Build.0 = Debug|Any CPU
		{3E206D51-92D6-4E25-B30C-E791D2B5E5B1}.Release|Any CPU.ActiveCfg = Release|Any CPU
		{3E206D51-92D6-4E25-B30C-E791D2B5E5B1}.Release|Any CPU.Build.0 = Release|Any CPU
		{3E206D51-92D6-4E25-B30C-E791D2B5E5B1}.Release|x64.ActiveCfg = Release|Any CPU
		{3E206D51-92D6-4E25-B30C-E791D2B5E5B1}.Release|x64.Build.0 = Release|Any CPU
		{3E206D51-92D6-4E25-B30C-E791D2B5E5B1}.Release|x86.ActiveCfg = Release|Any CPU
		{3E206D51-92D6-4E25-B30C-E791D2B5E5B1}.Release|x86.Build.0 = Release|Any CPU
		{3CD7CD13-5722-4F1A-8557-A1DCD7072E51}.Debug|Any CPU.ActiveCfg = Debug|Any CPU
		{3CD7CD13-5722-4F1A-8557-A1DCD7072E51}.Debug|Any CPU.Build.0 = Debug|Any CPU
		{3CD7CD13-5722-4F1A-8557-A1DCD7072E51}.Debug|x64.ActiveCfg = Debug|Any CPU
		{3CD7CD13-5722-4F1A-8557-A1DCD7072E51}.Debug|x64.Build.0 = Debug|Any CPU
		{3CD7CD13-5722-4F1A-8557-A1DCD7072E51}.Debug|x86.ActiveCfg = Debug|Any CPU
		{3CD7CD13-5722-4F1A-8557-A1DCD7072E51}.Debug|x86.Build.0 = Debug|Any CPU
		{3CD7CD13-5722-4F1A-8557-A1DCD7072E51}.Release|Any CPU.ActiveCfg = Release|Any CPU
		{3CD7CD13-5722-4F1A-8557-A1DCD7072E51}.Release|Any CPU.Build.0 = Release|Any CPU
		{3CD7CD13-5722-4F1A-8557-A1DCD7072E51}.Release|x64.ActiveCfg = Release|Any CPU
		{3CD7CD13-5722-4F1A-8557-A1DCD7072E51}.Release|x64.Build.0 = Release|Any CPU
		{3CD7CD13-5722-4F1A-8557-A1DCD7072E51}.Release|x86.ActiveCfg = Release|Any CPU
		{3CD7CD13-5722-4F1A-8557-A1DCD7072E51}.Release|x86.Build.0 = Release|Any CPU
	EndGlobalSection
	GlobalSection(SolutionProperties) = preSolution
		HideSolutionNode = FALSE
	EndGlobalSection
EndGlobal
